
Microsoft Visual Studio Solution File, Format Version 11.00
# Visual Studio 2010
Project("{E24C65DC-7377-472B-9ABA-BC803B73C61A}") = "project", ".", "{9F72F4AF-73F4-49CA-A9D0-70CDBBCA09F0}"
	ProjectSection(WebsiteProperties) = preProject
		TargetFrameworkMoniker = ".NETFramework,Version%3Dv4.0"
		Debug.AspNetCompiler.VirtualPath = "/project"
		Debug.AspNetCompiler.PhysicalPath = "K:\ASP .NET Project\project\"
		Debug.AspNetCompiler.TargetPath = "PrecompiledWeb\project\"
		Debug.AspNetCompiler.Updateable = "true"
		Debug.AspNetCompiler.ForceOverwrite = "true"
		Debug.AspNetCompiler.FixedNames = "false"
		Debug.AspNetCompiler.Debug = "True"
		Release.AspNetCompiler.VirtualPath = "/project"
		Release.AspNetCompiler.PhysicalPath = "K:\ASP .NET Project\project\"
		Release.AspNetCompiler.TargetPath = "PrecompiledWeb\project\"
		Release.AspNetCompiler.Updateable = "true"
		Release.AspNetCompiler.ForceOverwrite = "true"
		Release.AspNetCompiler.FixedNames = "false"
		Release.AspNetCompiler.Debug = "False"
		VWDPort = "4588"
	EndProjectSection
EndProject
Global
	GlobalSection(SolutionConfigurationPlatforms) = preSolution
		Debug|Any CPU = Debug|Any CPU
	EndGlobalSection
	GlobalSection(ProjectConfigurationPlatforms) = postSolution
		{9F72F4AF-73F4-49CA-A9D0-70CDBBCA09F0}.Debug|Any CPU.ActiveCfg = Debug|Any CPU
		{9F72F4AF-73F4-49CA-A9D0-70CDBBCA09F0}.Debug|Any CPU.Build.0 = Debug|Any CPU
	EndGlobalSection
	GlobalSection(SolutionProperties) = preSolution
		HideSolutionNode = FALSE
	EndGlobalSection
EndGlobal
